
Microsoft Visual Studio Solution File, Format Version 12.00
# Visual Studio Version 16
VisualStudioVersion = 16.0.31321.278
MinimumVisualStudioVersion = 10.0.40219.1
Project("{FAE04EC0-301F-11D3-BF4B-00C04F79EFBC}") = "Nieruchomosci", "Nieruchomosci\Nieruchomosci.csproj", "{96316C7B-F733-4651-ACE4-198AF2A66729}"
EndProject
Global
	GlobalSection(SolutionConfigurationPlatforms) = preSolution
		Debug|Any CPU = Debug|Any CPU
		Release|Any CPU = Release|Any CPU
	EndGlobalSection
	GlobalSection(ProjectConfigurationPlatforms) = postSolution
		{96316C7B-F733-4651-ACE4-198AF2A66729}.Debug|Any CPU.ActiveCfg = Debug|Any CPU
		{96316C7B-F733-4651-ACE4-198AF2A66729}.Debug|Any CPU.Build.0 = Debug|Any CPU
		{96316C7B-F733-4651-ACE4-198AF2A66729}.Release|Any CPU.ActiveCfg = Release|Any CPU
		{96316C7B-F733-4651-ACE4-198AF2A66729}.Release|Any CPU.Build.0 = Release|Any CPU
	EndGlobalSection
	GlobalSection(SolutionProperties) = preSolution
		HideSolutionNode = FALSE
	EndGlobalSection
	GlobalSection(ExtensibilityGlobals) = postSolution
		SolutionGuid = {90276192-76DA-418B-92E0-B9D996400939}
	EndGlobalSection
EndGlobal
